// !$*UTF8*$!
{
	archiveVersion = 1;
	classes = {
	};
	objectVersion = 56;
	objects = {

/* Begin PBXBuildFile section */
		4E2C7C141B223261164967B4 /* Pods_Movies.framework in Frameworks */ = {isa = PBXBuildFile; fileRef = 1793B37CBD526014446D96DC /* Pods_Movies.framework */; };
		931BD5672D4158BF00B06201 /* AppDelegate.swift in Sources */ = {isa = PBXBuildFile; fileRef = 931BD55D2D4158BF00B06201 /* AppDelegate.swift */; };
		931BD5692D4158BF00B06201 /* MoviesListViewController.swift in Sources */ = {isa = PBXBuildFile; fileRef = 931BD5652D4158BF00B06201 /* MoviesListViewController.swift */; };
		931BD56A2D4158BF00B06201 /* Assets.xcassets in Resources */ = {isa = PBXBuildFile; fileRef = 931BD55E2D4158BF00B06201 /* Assets.xcassets */; };
		931BD56C2D4158BF00B06201 /* LaunchScreen.storyboard in Resources */ = {isa = PBXBuildFile; fileRef = 931BD5612D4158BF00B06201 /* LaunchScreen.storyboard */; };
		934A700B2D41B7640079067B /* NetworkError.swift in Sources */ = {isa = PBXBuildFile; fileRef = 934A700A2D41B75E0079067B /* NetworkError.swift */; };
		934A700D2D41B7990079067B /* MoviesListDTO.swift in Sources */ = {isa = PBXBuildFile; fileRef = 934A700C2D41B7940079067B /* MoviesListDTO.swift */; };
		934A700F2D41B9E10079067B /* AlamoNetworking.swift in Sources */ = {isa = PBXBuildFile; fileRef = 934A700E2D41B9D20079067B /* AlamoNetworking.swift */; };
		934A70112D41BB730079067B /* Endpoints.swift in Sources */ = {isa = PBXBuildFile; fileRef = 934A70102D41BB730079067B /* Endpoints.swift */; };
		934A70132D41BCB30079067B /* APIHost.swift in Sources */ = {isa = PBXBuildFile; fileRef = 934A70122D41BCAE0079067B /* APIHost.swift */; };
		934A70152D41BD390079067B /* EndpointInstructions.swift in Sources */ = {isa = PBXBuildFile; fileRef = 934A70142D41BD390079067B /* EndpointInstructions.swift */; };
		934A70182D41BFC60079067B /* AvailableLanguages.swift in Sources */ = {isa = PBXBuildFile; fileRef = 934A70172D41BFC60079067B /* AvailableLanguages.swift */; };
		934A701A2D41BFDF0079067B /* SortMoviesOption.swift in Sources */ = {isa = PBXBuildFile; fileRef = 934A70192D41BFDF0079067B /* SortMoviesOption.swift */; };
		934A701D2D41CEC90079067B /* MoviesAPIHeader.swift in Sources */ = {isa = PBXBuildFile; fileRef = 934A701C2D41CEC90079067B /* MoviesAPIHeader.swift */; };
		934A70202D41CF1E0079067B /* Endpoint.swift in Sources */ = {isa = PBXBuildFile; fileRef = 934A701F2D41CF1E0079067B /* Endpoint.swift */; };
		934A70222D41CF570079067B /* NetworkRequestBodyConvertible.swift in Sources */ = {isa = PBXBuildFile; fileRef = 934A70212D41CF570079067B /* NetworkRequestBodyConvertible.swift */; };
		934A70242D41EB4A0079067B /* Router.swift in Sources */ = {isa = PBXBuildFile; fileRef = 934A70232D41EB470079067B /* Router.swift */; };
		934A70282D41EBB10079067B /* AssemblyModelBuilder.swift in Sources */ = {isa = PBXBuildFile; fileRef = 934A70272D41EBB10079067B /* AssemblyModelBuilder.swift */; };
		934A702A2D41F1610079067B /* MoviesListPresenter.swift in Sources */ = {isa = PBXBuildFile; fileRef = 934A70292D41F1590079067B /* MoviesListPresenter.swift */; };
		934A702E2D41F6070079067B /* UITableView+Extension.swift in Sources */ = {isa = PBXBuildFile; fileRef = 934A702D2D41F5FF0079067B /* UITableView+Extension.swift */; };
		934A70312D41F6490079067B /* MoviePreviewTableViewCell.swift in Sources */ = {isa = PBXBuildFile; fileRef = 934A70302D41F6400079067B /* MoviePreviewTableViewCell.swift */; };
		934A70342D41F9410079067B /* MoviesDiffableDataSource.swift in Sources */ = {isa = PBXBuildFile; fileRef = 934A70332D41F9410079067B /* MoviesDiffableDataSource.swift */; };
		934A70362D41FAAC0079067B /* MoviePreviewModel.swift in Sources */ = {isa = PBXBuildFile; fileRef = 934A70352D41FA9E0079067B /* MoviePreviewModel.swift */; };
		934A70382D43AB280079067B /* String+Extension.swift in Sources */ = {isa = PBXBuildFile; fileRef = 934A70372D43AB1F0079067B /* String+Extension.swift */; };
		934A703A2D43ADB50079067B /* NetworkResult.swift in Sources */ = {isa = PBXBuildFile; fileRef = 934A70392D43ADB50079067B /* NetworkResult.swift */; };
		934A703C2D43B32D0079067B /* GenresListDTO.swift in Sources */ = {isa = PBXBuildFile; fileRef = 934A703B2D43B3260079067B /* GenresListDTO.swift */; };
		934A703E2D43E33A0079067B /* PaddingLabel.swift in Sources */ = {isa = PBXBuildFile; fileRef = 934A703D2D43E33A0079067B /* PaddingLabel.swift */; };
		934A70422D43EB520079067B /* UIImageView+Extension.swift in Sources */ = {isa = PBXBuildFile; fileRef = 934A70412D43EB4C0079067B /* UIImageView+Extension.swift */; };
		934A70452D43F9C90079067B /* CacheItemKey.swift in Sources */ = {isa = PBXBuildFile; fileRef = 934A70442D43F9C10079067B /* CacheItemKey.swift */; };
		934A70472D44099E0079067B /* UIView+Extension.swift in Sources */ = {isa = PBXBuildFile; fileRef = 934A70462D4409990079067B /* UIView+Extension.swift */; };
		934A70492D4438740079067B /* PageStatusModel.swift in Sources */ = {isa = PBXBuildFile; fileRef = 934A70482D44386D0079067B /* PageStatusModel.swift */; };
		934A704D2D4624410079067B /* MovieDetailsViewController.swift in Sources */ = {isa = PBXBuildFile; fileRef = 934A704C2D4624410079067B /* MovieDetailsViewController.swift */; };
		934A704F2D4624540079067B /* MovieDetailsPresenter.swift in Sources */ = {isa = PBXBuildFile; fileRef = 934A704E2D46244D0079067B /* MovieDetailsPresenter.swift */; };
		934A70512D4628DB0079067B /* MovieDetailsItemDTO.swift in Sources */ = {isa = PBXBuildFile; fileRef = 934A70502D4628D00079067B /* MovieDetailsItemDTO.swift */; };
		934A70542D469A650079067B /* MovieDetailsView.swift in Sources */ = {isa = PBXBuildFile; fileRef = 934A70532D469A650079067B /* MovieDetailsView.swift */; };
		934A70572D46B6010079067B /* MovieDetailsModel.swift in Sources */ = {isa = PBXBuildFile; fileRef = 934A70562D46B6010079067B /* MovieDetailsModel.swift */; };
		934A70592D46C2500079067B /* DataCache+Extension.swift in Sources */ = {isa = PBXBuildFile; fileRef = 934A70582D46C2480079067B /* DataCache+Extension.swift */; };
		934A705B2D46E06B0079067B /* ShimmerView.swift in Sources */ = {isa = PBXBuildFile; fileRef = 934A705A2D46E06B0079067B /* ShimmerView.swift */; };
		937391CC2D41AC750036EDED /* Localizable.xcstrings in Resources */ = {isa = PBXBuildFile; fileRef = 937391CB2D41AC750036EDED /* Localizable.xcstrings */; };
/* End PBXBuildFile section */

/* Begin PBXFileReference section */
		153B8F3D81F9B4E7BD4BE39B /* Pods-Movies.release.xcconfig */ = {isa = PBXFileReference; includeInIndex = 1; lastKnownFileType = text.xcconfig; name = "Pods-Movies.release.xcconfig"; path = "Target Support Files/Pods-Movies/Pods-Movies.release.xcconfig"; sourceTree = "<group>"; };
		1793B37CBD526014446D96DC /* Pods_Movies.framework */ = {isa = PBXFileReference; explicitFileType = wrapper.framework; includeInIndex = 0; path = Pods_Movies.framework; sourceTree = BUILT_PRODUCTS_DIR; };
		2F216378AEDC685BA14DB3D5 /* Pods-Movies.debug.xcconfig */ = {isa = PBXFileReference; includeInIndex = 1; lastKnownFileType = text.xcconfig; name = "Pods-Movies.debug.xcconfig"; path = "Target Support Files/Pods-Movies/Pods-Movies.debug.xcconfig"; sourceTree = "<group>"; };
		931BD5452D4158A300B06201 /* Movies.app */ = {isa = PBXFileReference; explicitFileType = wrapper.application; includeInIndex = 0; path = Movies.app; sourceTree = BUILT_PRODUCTS_DIR; };
		931BD55D2D4158BF00B06201 /* AppDelegate.swift */ = {isa = PBXFileReference; lastKnownFileType = sourcecode.swift; path = AppDelegate.swift; sourceTree = "<group>"; };
		931BD55E2D4158BF00B06201 /* Assets.xcassets */ = {isa = PBXFileReference; lastKnownFileType = folder.assetcatalog; path = Assets.xcassets; sourceTree = "<group>"; };
		931BD55F2D4158BF00B06201 /* Info.plist */ = {isa = PBXFileReference; lastKnownFileType = text.plist.xml; path = Info.plist; sourceTree = "<group>"; };
		931BD5602D4158BF00B06201 /* Base */ = {isa = PBXFileReference; lastKnownFileType = file.storyboard; name = Base; path = Base.lproj/LaunchScreen.storyboard; sourceTree = "<group>"; };
		931BD5652D4158BF00B06201 /* MoviesListViewController.swift */ = {isa = PBXFileReference; lastKnownFileType = sourcecode.swift; path = MoviesListViewController.swift; sourceTree = "<group>"; };
		934A700A2D41B75E0079067B /* NetworkError.swift */ = {isa = PBXFileReference; lastKnownFileType = sourcecode.swift; path = NetworkError.swift; sourceTree = "<group>"; };
		934A700C2D41B7940079067B /* MoviesListDTO.swift */ = {isa = PBXFileReference; lastKnownFileType = sourcecode.swift; path = MoviesListDTO.swift; sourceTree = "<group>"; };
		934A700E2D41B9D20079067B /* AlamoNetworking.swift */ = {isa = PBXFileReference; lastKnownFileType = sourcecode.swift; path = AlamoNetworking.swift; sourceTree = "<group>"; };
		934A70102D41BB730079067B /* Endpoints.swift */ = {isa = PBXFileReference; lastKnownFileType = sourcecode.swift; path = Endpoints.swift; sourceTree = "<group>"; };
		934A70122D41BCAE0079067B /* APIHost.swift */ = {isa = PBXFileReference; lastKnownFileType = sourcecode.swift; path = APIHost.swift; sourceTree = "<group>"; };
		934A70142D41BD390079067B /* EndpointInstructions.swift */ = {isa = PBXFileReference; lastKnownFileType = sourcecode.swift; path = EndpointInstructions.swift; sourceTree = "<group>"; };
		934A70172D41BFC60079067B /* AvailableLanguages.swift */ = {isa = PBXFileReference; lastKnownFileType = sourcecode.swift; path = AvailableLanguages.swift; sourceTree = "<group>"; };
		934A70192D41BFDF0079067B /* SortMoviesOption.swift */ = {isa = PBXFileReference; lastKnownFileType = sourcecode.swift; path = SortMoviesOption.swift; sourceTree = "<group>"; };
		934A701C2D41CEC90079067B /* MoviesAPIHeader.swift */ = {isa = PBXFileReference; lastKnownFileType = sourcecode.swift; path = MoviesAPIHeader.swift; sourceTree = "<group>"; };
		934A701F2D41CF1E0079067B /* Endpoint.swift */ = {isa = PBXFileReference; lastKnownFileType = sourcecode.swift; path = Endpoint.swift; sourceTree = "<group>"; };
		934A70212D41CF570079067B /* NetworkRequestBodyConvertible.swift */ = {isa = PBXFileReference; lastKnownFileType = sourcecode.swift; path = NetworkRequestBodyConvertible.swift; sourceTree = "<group>"; };
		934A70232D41EB470079067B /* Router.swift */ = {isa = PBXFileReference; lastKnownFileType = sourcecode.swift; path = Router.swift; sourceTree = "<group>"; };
		934A70272D41EBB10079067B /* AssemblyModelBuilder.swift */ = {isa = PBXFileReference; lastKnownFileType = sourcecode.swift; path = AssemblyModelBuilder.swift; sourceTree = "<group>"; };
		934A70292D41F1590079067B /* MoviesListPresenter.swift */ = {isa = PBXFileReference; lastKnownFileType = sourcecode.swift; path = MoviesListPresenter.swift; sourceTree = "<group>"; };
		934A702D2D41F5FF0079067B /* UITableView+Extension.swift */ = {isa = PBXFileReference; lastKnownFileType = sourcecode.swift; path = "UITableView+Extension.swift"; sourceTree = "<group>"; };
		934A70302D41F6400079067B /* MoviePreviewTableViewCell.swift */ = {isa = PBXFileReference; lastKnownFileType = sourcecode.swift; path = MoviePreviewTableViewCell.swift; sourceTree = "<group>"; };
		934A70332D41F9410079067B /* MoviesDiffableDataSource.swift */ = {isa = PBXFileReference; lastKnownFileType = sourcecode.swift; path = MoviesDiffableDataSource.swift; sourceTree = "<group>"; };
		934A70352D41FA9E0079067B /* MoviePreviewModel.swift */ = {isa = PBXFileReference; lastKnownFileType = sourcecode.swift; path = MoviePreviewModel.swift; sourceTree = "<group>"; };
		934A70372D43AB1F0079067B /* String+Extension.swift */ = {isa = PBXFileReference; lastKnownFileType = sourcecode.swift; path = "String+Extension.swift"; sourceTree = "<group>"; };
		934A70392D43ADB50079067B /* NetworkResult.swift */ = {isa = PBXFileReference; lastKnownFileType = sourcecode.swift; path = NetworkResult.swift; sourceTree = "<group>"; };
		934A703B2D43B3260079067B /* GenresListDTO.swift */ = {isa = PBXFileReference; lastKnownFileType = sourcecode.swift; path = GenresListDTO.swift; sourceTree = "<group>"; };
		934A703D2D43E33A0079067B /* PaddingLabel.swift */ = {isa = PBXFileReference; lastKnownFileType = sourcecode.swift; path = PaddingLabel.swift; sourceTree = "<group>"; };
		934A70412D43EB4C0079067B /* UIImageView+Extension.swift */ = {isa = PBXFileReference; lastKnownFileType = sourcecode.swift; path = "UIImageView+Extension.swift"; sourceTree = "<group>"; };
		934A70442D43F9C10079067B /* CacheItemKey.swift */ = {isa = PBXFileReference; lastKnownFileType = sourcecode.swift; path = CacheItemKey.swift; sourceTree = "<group>"; };
		934A70462D4409990079067B /* UIView+Extension.swift */ = {isa = PBXFileReference; lastKnownFileType = sourcecode.swift; path = "UIView+Extension.swift"; sourceTree = "<group>"; };
		934A70482D44386D0079067B /* PageStatusModel.swift */ = {isa = PBXFileReference; lastKnownFileType = sourcecode.swift; path = PageStatusModel.swift; sourceTree = "<group>"; };
		934A704C2D4624410079067B /* MovieDetailsViewController.swift */ = {isa = PBXFileReference; lastKnownFileType = sourcecode.swift; path = MovieDetailsViewController.swift; sourceTree = "<group>"; };
		934A704E2D46244D0079067B /* MovieDetailsPresenter.swift */ = {isa = PBXFileReference; lastKnownFileType = sourcecode.swift; path = MovieDetailsPresenter.swift; sourceTree = "<group>"; };
		934A70502D4628D00079067B /* MovieDetailsItemDTO.swift */ = {isa = PBXFileReference; lastKnownFileType = sourcecode.swift; path = MovieDetailsItemDTO.swift; sourceTree = "<group>"; };
		934A70532D469A650079067B /* MovieDetailsView.swift */ = {isa = PBXFileReference; lastKnownFileType = sourcecode.swift; path = MovieDetailsView.swift; sourceTree = "<group>"; };
		934A70562D46B6010079067B /* MovieDetailsModel.swift */ = {isa = PBXFileReference; lastKnownFileType = sourcecode.swift; path = MovieDetailsModel.swift; sourceTree = "<group>"; };
		934A70582D46C2480079067B /* DataCache+Extension.swift */ = {isa = PBXFileReference; lastKnownFileType = sourcecode.swift; path = "DataCache+Extension.swift"; sourceTree = "<group>"; };
		934A705A2D46E06B0079067B /* ShimmerView.swift */ = {isa = PBXFileReference; lastKnownFileType = sourcecode.swift; path = ShimmerView.swift; sourceTree = "<group>"; };
		937391CB2D41AC750036EDED /* Localizable.xcstrings */ = {isa = PBXFileReference; lastKnownFileType = text.json.xcstrings; path = Localizable.xcstrings; sourceTree = "<group>"; };
/* End PBXFileReference section */

/* Begin PBXFrameworksBuildPhase section */
		931BD5422D4158A300B06201 /* Frameworks */ = {
			isa = PBXFrameworksBuildPhase;
			buildActionMask = 2147483647;
			files = (
				4E2C7C141B223261164967B4 /* Pods_Movies.framework in Frameworks */,
			);
			runOnlyForDeploymentPostprocessing = 0;
		};
/* End PBXFrameworksBuildPhase section */

/* Begin PBXGroup section */
		0AA37A34EF1C69154A96FE04 /* Frameworks */ = {
			isa = PBXGroup;
			children = (
				1793B37CBD526014446D96DC /* Pods_Movies.framework */,
			);
			name = Frameworks;
			sourceTree = "<group>";
		};
		23AA3EEAE30F6BACE9039619 /* Pods */ = {
			isa = PBXGroup;
			children = (
				2F216378AEDC685BA14DB3D5 /* Pods-Movies.debug.xcconfig */,
				153B8F3D81F9B4E7BD4BE39B /* Pods-Movies.release.xcconfig */,
			);
			path = Pods;
			sourceTree = "<group>";
		};
		931BD53C2D4158A300B06201 = {
			isa = PBXGroup;
			children = (
				931BD5662D4158BF00B06201 /* Movies */,
				931BD5462D4158A300B06201 /* Products */,
				23AA3EEAE30F6BACE9039619 /* Pods */,
				0AA37A34EF1C69154A96FE04 /* Frameworks */,
			);
			sourceTree = "<group>";
		};
		931BD5462D4158A300B06201 /* Products */ = {
			isa = PBXGroup;
			children = (
				931BD5452D4158A300B06201 /* Movies.app */,
			);
			name = Products;
			sourceTree = "<group>";
		};
		931BD5662D4158BF00B06201 /* Movies */ = {
			isa = PBXGroup;
			children = (
				937391BA2D41A81D0036EDED /* Application */,
				937391B92D41A8060036EDED /* Utils */,
				937391B82D41A7FE0036EDED /* Services */,
				937391B72D41A7F40036EDED /* Resources */,
				937391B62D41A7E60036EDED /* Scenes */,
				937391B52D41A7DD0036EDED /* Networking */,
			);
			path = Movies;
			sourceTree = "<group>";
		};
		934A70092D41B7550079067B /* Errors */ = {
			isa = PBXGroup;
			children = (
				934A700A2D41B75E0079067B /* NetworkError.swift */,
			);
			path = Errors;
			sourceTree = "<group>";
		};
		934A70162D41BFB60079067B /* Helpers */ = {
			isa = PBXGroup;
			children = (
				934A70192D41BFDF0079067B /* SortMoviesOption.swift */,
				934A70172D41BFC60079067B /* AvailableLanguages.swift */,
			);
			path = Helpers;
			sourceTree = "<group>";
		};
		934A701B2D41CEC40079067B /* Const */ = {
			isa = PBXGroup;
			children = (
				934A701C2D41CEC90079067B /* MoviesAPIHeader.swift */,
			);
			path = Const;
			sourceTree = "<group>";
		};
		934A701E2D41CF100079067B /* Protocols */ = {
			isa = PBXGroup;
			children = (
				934A70212D41CF570079067B /* NetworkRequestBodyConvertible.swift */,
				934A701F2D41CF1E0079067B /* Endpoint.swift */,
			);
			path = Protocols;
			sourceTree = "<group>";
		};
		934A70252D41EB900079067B /* Router */ = {
			isa = PBXGroup;
			children = (
				934A70262D41EBA10079067B /* Builder */,
				934A70232D41EB470079067B /* Router.swift */,
			);
			path = Router;
			sourceTree = "<group>";
		};
		934A70262D41EBA10079067B /* Builder */ = {
			isa = PBXGroup;
			children = (
				934A70272D41EBB10079067B /* AssemblyModelBuilder.swift */,
			);
			path = Builder;
			sourceTree = "<group>";
		};
		934A702B2D41F1B10079067B /* Model */ = {
			isa = PBXGroup;
			children = (
				934A70482D44386D0079067B /* PageStatusModel.swift */,
				934A70352D41FA9E0079067B /* MoviePreviewModel.swift */,
				934A70322D41F9370079067B /* Datasource */,
			);
			path = Model;
			sourceTree = "<group>";
		};
		934A702C2D41F5790079067B /* Extensions */ = {
			isa = PBXGroup;
			children = (
				934A70582D46C2480079067B /* DataCache+Extension.swift */,
				934A70462D4409990079067B /* UIView+Extension.swift */,
				934A70412D43EB4C0079067B /* UIImageView+Extension.swift */,
				934A70372D43AB1F0079067B /* String+Extension.swift */,
				934A702D2D41F5FF0079067B /* UITableView+Extension.swift */,
			);
			path = Extensions;
			sourceTree = "<group>";
		};
		934A702F2D41F6350079067B /* Cells */ = {
			isa = PBXGroup;
			children = (
				934A70302D41F6400079067B /* MoviePreviewTableViewCell.swift */,
			);
			path = Cells;
			sourceTree = "<group>";
		};
		934A70322D41F9370079067B /* Datasource */ = {
			isa = PBXGroup;
			children = (
				934A70332D41F9410079067B /* MoviesDiffableDataSource.swift */,
			);
			path = Datasource;
			sourceTree = "<group>";
		};
		934A70432D43F9AA0079067B /* DataCache */ = {
			isa = PBXGroup;
			children = (
				934A70442D43F9C10079067B /* CacheItemKey.swift */,
			);
			path = DataCache;
			sourceTree = "<group>";
		};
		934A70522D469A5C0079067B /* Subviews */ = {
			isa = PBXGroup;
			children = (
				934A70532D469A650079067B /* MovieDetailsView.swift */,
			);
			path = Subviews;
			sourceTree = "<group>";
		};
		934A70552D46B5F70079067B /* Model */ = {
			isa = PBXGroup;
			children = (
				934A70562D46B6010079067B /* MovieDetailsModel.swift */,
			);
			path = Model;
			sourceTree = "<group>";
		};
		937391B52D41A7DD0036EDED /* Networking */ = {
			isa = PBXGroup;
			children = (
				934A70092D41B7550079067B /* Errors */,
				937391C02D41A8DE0036EDED /* Models */,
				937391BF2D41A8D80036EDED /* EndpointDescription */,
				937391BE2D41A8D30036EDED /* API */,
			);
			path = Networking;
			sourceTree = "<group>";
		};
		937391B62D41A7E60036EDED /* Scenes */ = {
			isa = PBXGroup;
			children = (
				934A70252D41EB900079067B /* Router */,
				937391BD2D41A8CC0036EDED /* Common */,
				937391BC2D41A8BD0036EDED /* Details */,
				937391BB2D41A8AF0036EDED /* MainList */,
			);
			path = Scenes;
			sourceTree = "<group>";
		};
		937391B72D41A7F40036EDED /* Resources */ = {
			isa = PBXGroup;
			children = (
				931BD5612D4158BF00B06201 /* LaunchScreen.storyboard */,
				931BD55F2D4158BF00B06201 /* Info.plist */,
				931BD55E2D4158BF00B06201 /* Assets.xcassets */,
				937391CB2D41AC750036EDED /* Localizable.xcstrings */,
			);
			path = Resources;
			sourceTree = "<group>";
		};
		937391B82D41A7FE0036EDED /* Services */ = {
			isa = PBXGroup;
			children = (
				934A70432D43F9AA0079067B /* DataCache */,
			);
			path = Services;
			sourceTree = "<group>";
		};
		937391B92D41A8060036EDED /* Utils */ = {
			isa = PBXGroup;
			children = (
				934A702C2D41F5790079067B /* Extensions */,
			);
			path = Utils;
			sourceTree = "<group>";
		};
		937391BA2D41A81D0036EDED /* Application */ = {
			isa = PBXGroup;
			children = (
				931BD55D2D4158BF00B06201 /* AppDelegate.swift */,
			);
			path = Application;
			sourceTree = "<group>";
		};
		937391BB2D41A8AF0036EDED /* MainList */ = {
			isa = PBXGroup;
			children = (
				934A702B2D41F1B10079067B /* Model */,
				937391C22D41A8F10036EDED /* View */,
				937391C12D41A8E80036EDED /* Presenter */,
			);
			path = MainList;
			sourceTree = "<group>";
		};
		937391BC2D41A8BD0036EDED /* Details */ = {
			isa = PBXGroup;
			children = (
				934A70552D46B5F70079067B /* Model */,
				937391C42D41A90F0036EDED /* View */,
				937391C52D41A9130036EDED /* Presenter */,
			);
			path = Details;
			sourceTree = "<group>";
		};
		937391BD2D41A8CC0036EDED /* Common */ = {
			isa = PBXGroup;
			children = (
				934A705A2D46E06B0079067B /* ShimmerView.swift */,
				934A703D2D43E33A0079067B /* PaddingLabel.swift */,
			);
			path = Common;
			sourceTree = "<group>";
		};
		937391BE2D41A8D30036EDED /* API */ = {
			isa = PBXGroup;
			children = (
				934A70392D43ADB50079067B /* NetworkResult.swift */,
				934A70122D41BCAE0079067B /* APIHost.swift */,
				934A700E2D41B9D20079067B /* AlamoNetworking.swift */,
			);
			path = API;
			sourceTree = "<group>";
		};
		937391BF2D41A8D80036EDED /* EndpointDescription */ = {
			isa = PBXGroup;
			children = (
				934A701E2D41CF100079067B /* Protocols */,
				934A701B2D41CEC40079067B /* Const */,
				934A70162D41BFB60079067B /* Helpers */,
				934A70142D41BD390079067B /* EndpointInstructions.swift */,
				934A70102D41BB730079067B /* Endpoints.swift */,
			);
			path = EndpointDescription;
			sourceTree = "<group>";
		};
		937391C02D41A8DE0036EDED /* Models */ = {
			isa = PBXGroup;
			children = (
				934A70502D4628D00079067B /* MovieDetailsItemDTO.swift */,
				934A703B2D43B3260079067B /* GenresListDTO.swift */,
				934A700C2D41B7940079067B /* MoviesListDTO.swift */,
			);
			path = Models;
			sourceTree = "<group>";
		};
		937391C12D41A8E80036EDED /* Presenter */ = {
			isa = PBXGroup;
			children = (
				934A70292D41F1590079067B /* MoviesListPresenter.swift */,
			);
			path = Presenter;
			sourceTree = "<group>";
		};
		937391C22D41A8F10036EDED /* View */ = {
			isa = PBXGroup;
			children = (
				934A702F2D41F6350079067B /* Cells */,
				931BD5652D4158BF00B06201 /* MoviesListViewController.swift */,
			);
			path = View;
			sourceTree = "<group>";
		};
		937391C42D41A90F0036EDED /* View */ = {
			isa = PBXGroup;
			children = (
				934A70522D469A5C0079067B /* Subviews */,
				934A704C2D4624410079067B /* MovieDetailsViewController.swift */,
			);
			path = View;
			sourceTree = "<group>";
		};
		937391C52D41A9130036EDED /* Presenter */ = {
			isa = PBXGroup;
			children = (
				934A704E2D46244D0079067B /* MovieDetailsPresenter.swift */,
			);
			path = Presenter;
			sourceTree = "<group>";
		};
/* End PBXGroup section */

/* Begin PBXNativeTarget section */
		931BD5442D4158A300B06201 /* Movies */ = {
			isa = PBXNativeTarget;
			buildConfigurationList = 931BD5582D4158A500B06201 /* Build configuration list for PBXNativeTarget "Movies" */;
			buildPhases = (
				8F300C457AFF83551086F2A8 /* [CP] Check Pods Manifest.lock */,
				931BD5412D4158A300B06201 /* Sources */,
				931BD5422D4158A300B06201 /* Frameworks */,
				931BD5432D4158A300B06201 /* Resources */,
				F7430FBD1B163D8A46212269 /* [CP] Embed Pods Frameworks */,
			);
			buildRules = (
			);
			dependencies = (
			);
			name = Movies;
			productName = Movies;
			productReference = 931BD5452D4158A300B06201 /* Movies.app */;
			productType = "com.apple.product-type.application";
		};
/* End PBXNativeTarget section */

/* Begin PBXProject section */
		931BD53D2D4158A300B06201 /* Project object */ = {
			isa = PBXProject;
			attributes = {
				BuildIndependentTargetsInParallel = 1;
				LastSwiftUpdateCheck = 1620;
				LastUpgradeCheck = 1620;
				TargetAttributes = {
					931BD5442D4158A300B06201 = {
						CreatedOnToolsVersion = 16.2;
					};
				};
			};
			buildConfigurationList = 931BD5402D4158A300B06201 /* Build configuration list for PBXProject "Movies" */;
			compatibilityVersion = "Xcode 14.0";
			developmentRegion = en;
			hasScannedForEncodings = 0;
			knownRegions = (
				en,
				Base,
				uk,
			);
			mainGroup = 931BD53C2D4158A300B06201;
			productRefGroup = 931BD5462D4158A300B06201 /* Products */;
			projectDirPath = "";
			projectRoot = "";
			targets = (
				931BD5442D4158A300B06201 /* Movies */,
			);
		};
/* End PBXProject section */

/* Begin PBXResourcesBuildPhase section */
		931BD5432D4158A300B06201 /* Resources */ = {
			isa = PBXResourcesBuildPhase;
			buildActionMask = 2147483647;
			files = (
				931BD56A2D4158BF00B06201 /* Assets.xcassets in Resources */,
				937391CC2D41AC750036EDED /* Localizable.xcstrings in Resources */,
				931BD56C2D4158BF00B06201 /* LaunchScreen.storyboard in Resources */,
			);
			runOnlyForDeploymentPostprocessing = 0;
		};
/* End PBXResourcesBuildPhase section */

/* Begin PBXShellScriptBuildPhase section */
		8F300C457AFF83551086F2A8 /* [CP] Check Pods Manifest.lock */ = {
			isa = PBXShellScriptBuildPhase;
			buildActionMask = 2147483647;
			files = (
			);
			inputFileListPaths = (
			);
			inputPaths = (
				"${PODS_PODFILE_DIR_PATH}/Podfile.lock",
				"${PODS_ROOT}/Manifest.lock",
			);
			name = "[CP] Check Pods Manifest.lock";
			outputFileListPaths = (
			);
			outputPaths = (
				"$(DERIVED_FILE_DIR)/Pods-Movies-checkManifestLockResult.txt",
			);
			runOnlyForDeploymentPostprocessing = 0;
			shellPath = /bin/sh;
			shellScript = "diff \"${PODS_PODFILE_DIR_PATH}/Podfile.lock\" \"${PODS_ROOT}/Manifest.lock\" > /dev/null\nif [ $? != 0 ] ; then\n    # print error to STDERR\n    echo \"error: The sandbox is not in sync with the Podfile.lock. Run 'pod install' or update your CocoaPods installation.\" >&2\n    exit 1\nfi\n# This output is used by Xcode 'outputs' to avoid re-running this script phase.\necho \"SUCCESS\" > \"${SCRIPT_OUTPUT_FILE_0}\"\n";
			showEnvVarsInLog = 0;
		};
		F7430FBD1B163D8A46212269 /* [CP] Embed Pods Frameworks */ = {
			isa = PBXShellScriptBuildPhase;
			buildActionMask = 2147483647;
			files = (
			);
			inputFileListPaths = (
				"${PODS_ROOT}/Target Support Files/Pods-Movies/Pods-Movies-frameworks-${CONFIGURATION}-input-files.xcfilelist",
			);
			name = "[CP] Embed Pods Frameworks";
			outputFileListPaths = (
				"${PODS_ROOT}/Target Support Files/Pods-Movies/Pods-Movies-frameworks-${CONFIGURATION}-output-files.xcfilelist",
			);
			runOnlyForDeploymentPostprocessing = 0;
			shellPath = /bin/sh;
			shellScript = "\"${PODS_ROOT}/Target Support Files/Pods-Movies/Pods-Movies-frameworks.sh\"\n";
			showEnvVarsInLog = 0;
		};
/* End PBXShellScriptBuildPhase section */

/* Begin PBXSourcesBuildPhase section */
		931BD5412D4158A300B06201 /* Sources */ = {
			isa = PBXSourcesBuildPhase;
			buildActionMask = 2147483647;
			files = (
				934A70282D41EBB10079067B /* AssemblyModelBuilder.swift in Sources */,
				934A70382D43AB280079067B /* String+Extension.swift in Sources */,
				934A70492D4438740079067B /* PageStatusModel.swift in Sources */,
				934A70362D41FAAC0079067B /* MoviePreviewModel.swift in Sources */,
				934A700D2D41B7990079067B /* MoviesListDTO.swift in Sources */,
				934A701A2D41BFDF0079067B /* SortMoviesOption.swift in Sources */,
				934A70312D41F6490079067B /* MoviePreviewTableViewCell.swift in Sources */,
				934A700B2D41B7640079067B /* NetworkError.swift in Sources */,
				931BD5672D4158BF00B06201 /* AppDelegate.swift in Sources */,
				934A70342D41F9410079067B /* MoviesDiffableDataSource.swift in Sources */,
				931BD5692D4158BF00B06201 /* MoviesListViewController.swift in Sources */,
				934A70422D43EB520079067B /* UIImageView+Extension.swift in Sources */,
				934A70572D46B6010079067B /* MovieDetailsModel.swift in Sources */,
				934A702E2D41F6070079067B /* UITableView+Extension.swift in Sources */,
				934A70472D44099E0079067B /* UIView+Extension.swift in Sources */,
				934A70222D41CF570079067B /* NetworkRequestBodyConvertible.swift in Sources */,
				934A703E2D43E33A0079067B /* PaddingLabel.swift in Sources */,
				934A705B2D46E06B0079067B /* ShimmerView.swift in Sources */,
				934A70152D41BD390079067B /* EndpointInstructions.swift in Sources */,
				934A703A2D43ADB50079067B /* NetworkResult.swift in Sources */,
				934A70542D469A650079067B /* MovieDetailsView.swift in Sources */,
				934A704D2D4624410079067B /* MovieDetailsViewController.swift in Sources */,
				934A701D2D41CEC90079067B /* MoviesAPIHeader.swift in Sources */,
				934A70182D41BFC60079067B /* AvailableLanguages.swift in Sources */,
				934A703C2D43B32D0079067B /* GenresListDTO.swift in Sources */,
				934A70112D41BB730079067B /* Endpoints.swift in Sources */,
				934A702A2D41F1610079067B /* MoviesListPresenter.swift in Sources */,
				934A70592D46C2500079067B /* DataCache+Extension.swift in Sources */,
				934A70452D43F9C90079067B /* CacheItemKey.swift in Sources */,
				934A70242D41EB4A0079067B /* Router.swift in Sources */,
				934A704F2D4624540079067B /* MovieDetailsPresenter.swift in Sources */,
				934A70132D41BCB30079067B /* APIHost.swift in Sources */,
				934A70512D4628DB0079067B /* MovieDetailsItemDTO.swift in Sources */,
				934A70202D41CF1E0079067B /* Endpoint.swift in Sources */,
				934A700F2D41B9E10079067B /* AlamoNetworking.swift in Sources */,
			);
			runOnlyForDeploymentPostprocessing = 0;
		};
/* End PBXSourcesBuildPhase section */

/* Begin PBXVariantGroup section */
		931BD5612D4158BF00B06201 /* LaunchScreen.storyboard */ = {
			isa = PBXVariantGroup;
			children = (
				931BD5602D4158BF00B06201 /* Base */,
			);
			name = LaunchScreen.storyboard;
			sourceTree = "<group>";
		};
/* End PBXVariantGroup section */

/* Begin XCBuildConfiguration section */
		931BD5592D4158A500B06201 /* Debug */ = {
			isa = XCBuildConfiguration;
			baseConfigurationReference = 2F216378AEDC685BA14DB3D5 /* Pods-Movies.debug.xcconfig */;
			buildSettings = {
				ASSETCATALOG_COMPILER_APPICON_NAME = AppIcon;
				ASSETCATALOG_COMPILER_GLOBAL_ACCENT_COLOR_NAME = AccentColor;
				CODE_SIGN_STYLE = Automatic;
				CURRENT_PROJECT_VERSION = 1;
				DEVELOPMENT_TEAM = 4FN9XFXBZ9;
				GENERATE_INFOPLIST_FILE = YES;
				INFOPLIST_FILE = Movies/Resources/Info.plist;
				INFOPLIST_KEY_UIApplicationSupportsIndirectInputEvents = YES;
				INFOPLIST_KEY_UILaunchStoryboardName = LaunchScreen;
				INFOPLIST_KEY_UISupportedInterfaceOrientations = UIInterfaceOrientationPortrait;
				INFOPLIST_KEY_UISupportedInterfaceOrientations_iPad = "UIInterfaceOrientationLandscapeLeft UIInterfaceOrientationLandscapeRight UIInterfaceOrientationPortrait UIInterfaceOrientationPortraitUpsideDown";
				IPHONEOS_DEPLOYMENT_TARGET = 15.0;
				LD_RUNPATH_SEARCH_PATHS = (
					"$(inherited)",
					"@executable_path/Frameworks",
				);
				MARKETING_VERSION = 1.0;
				PRODUCT_BUNDLE_IDENTIFIER = com.hetman.dev.Movies;
				PRODUCT_NAME = "$(TARGET_NAME)";
				SUPPORTED_PLATFORMS = "iphoneos iphonesimulator";
				SUPPORTS_MACCATALYST = NO;
				SUPPORTS_MAC_DESIGNED_FOR_IPHONE_IPAD = NO;
				SUPPORTS_XR_DESIGNED_FOR_IPHONE_IPAD = NO;
				SWIFT_EMIT_LOC_STRINGS = YES;
				SWIFT_VERSION = 5.0;
				TARGETED_DEVICE_FAMILY = "1,2";
			};
			name = Debug;
		};
		931BD55A2D4158A500B06201 /* Release */ = {
			isa = XCBuildConfiguration;
			baseConfigurationReference = 153B8F3D81F9B4E7BD4BE39B /* Pods-Movies.release.xcconfig */;
			buildSettings = {
				ASSETCATALOG_COMPILER_APPICON_NAME = AppIcon;
				ASSETCATALOG_COMPILER_GLOBAL_ACCENT_COLOR_NAME = AccentColor;
				CODE_SIGN_STYLE = Automatic;
				CURRENT_PROJECT_VERSION = 1;
				DEVELOPMENT_TEAM = 4FN9XFXBZ9;
				GENERATE_INFOPLIST_FILE = YES;
				INFOPLIST_FILE = Movies/Resources/Info.plist;
				INFOPLIST_KEY_UIApplicationSupportsIndirectInputEvents = YES;
				INFOPLIST_KEY_UILaunchStoryboardName = LaunchScreen;
				INFOPLIST_KEY_UISupportedInterfaceOrientations = UIInterfaceOrientationPortrait;
				INFOPLIST_KEY_UISupportedInterfaceOrientations_iPad = "UIInterfaceOrientationLandscapeLeft UIInterfaceOrientationLandscapeRight UIInterfaceOrientationPortrait UIInterfaceOrientationPortraitUpsideDown";
				IPHONEOS_DEPLOYMENT_TARGET = 15.0;
				LD_RUNPATH_SEARCH_PATHS = (
					"$(inherited)",
					"@executable_path/Frameworks",
				);
				MARKETING_VERSION = 1.0;
				PRODUCT_BUNDLE_IDENTIFIER = com.hetman.dev.Movies;
				PRODUCT_NAME = "$(TARGET_NAME)";
				SUPPORTED_PLATFORMS = "iphoneos iphonesimulator";
				SUPPORTS_MACCATALYST = NO;
				SUPPORTS_MAC_DESIGNED_FOR_IPHONE_IPAD = NO;
				SUPPORTS_XR_DESIGNED_FOR_IPHONE_IPAD = NO;
				SWIFT_EMIT_LOC_STRINGS = YES;
				SWIFT_VERSION = 5.0;
				TARGETED_DEVICE_FAMILY = "1,2";
			};
			name = Release;
		};
		931BD55B2D4158A500B06201 /* Debug */ = {
			isa = XCBuildConfiguration;
			buildSettings = {
				ALWAYS_SEARCH_USER_PATHS = NO;
				ASSETCATALOG_COMPILER_GENERATE_SWIFT_ASSET_SYMBOL_EXTENSIONS = YES;
				CLANG_ANALYZER_LOCALIZABILITY_NONLOCALIZED = YES;
				CLANG_ANALYZER_NONNULL = YES;
				CLANG_ANALYZER_NUMBER_OBJECT_CONVERSION = YES_AGGRESSIVE;
				CLANG_CXX_LANGUAGE_STANDARD = "gnu++20";
				CLANG_ENABLE_MODULES = YES;
				CLANG_ENABLE_OBJC_ARC = YES;
				CLANG_ENABLE_OBJC_WEAK = YES;
				CLANG_WARN_BLOCK_CAPTURE_AUTORELEASING = YES;
				CLANG_WARN_BOOL_CONVERSION = YES;
				CLANG_WARN_COMMA = YES;
				CLANG_WARN_CONSTANT_CONVERSION = YES;
				CLANG_WARN_DEPRECATED_OBJC_IMPLEMENTATIONS = YES;
				CLANG_WARN_DIRECT_OBJC_ISA_USAGE = YES_ERROR;
				CLANG_WARN_DOCUMENTATION_COMMENTS = YES;
				CLANG_WARN_EMPTY_BODY = YES;
				CLANG_WARN_ENUM_CONVERSION = YES;
				CLANG_WARN_INFINITE_RECURSION = YES;
				CLANG_WARN_INT_CONVERSION = YES;
				CLANG_WARN_NON_LITERAL_NULL_CONVERSION = YES;
				CLANG_WARN_OBJC_IMPLICIT_RETAIN_SELF = YES;
				CLANG_WARN_OBJC_LITERAL_CONVERSION = YES;
				CLANG_WARN_OBJC_ROOT_CLASS = YES_ERROR;
				CLANG_WARN_QUOTED_INCLUDE_IN_FRAMEWORK_HEADER = YES;
				CLANG_WARN_RANGE_LOOP_ANALYSIS = YES;
				CLANG_WARN_STRICT_PROTOTYPES = YES;
				CLANG_WARN_SUSPICIOUS_MOVE = YES;
				CLANG_WARN_UNGUARDED_AVAILABILITY = YES_AGGRESSIVE;
				CLANG_WARN_UNREACHABLE_CODE = YES;
				CLANG_WARN__DUPLICATE_METHOD_MATCH = YES;
				COPY_PHASE_STRIP = NO;
				DEBUG_INFORMATION_FORMAT = dwarf;
				ENABLE_STRICT_OBJC_MSGSEND = YES;
				ENABLE_TESTABILITY = YES;
				ENABLE_USER_SCRIPT_SANDBOXING = NO;
				GCC_C_LANGUAGE_STANDARD = gnu17;
				GCC_DYNAMIC_NO_PIC = NO;
				GCC_NO_COMMON_BLOCKS = YES;
				GCC_OPTIMIZATION_LEVEL = 0;
				GCC_PREPROCESSOR_DEFINITIONS = (
					"DEBUG=1",
					"$(inherited)",
				);
				GCC_WARN_64_TO_32_BIT_CONVERSION = YES;
				GCC_WARN_ABOUT_RETURN_TYPE = YES_ERROR;
				GCC_WARN_UNDECLARED_SELECTOR = YES;
				GCC_WARN_UNINITIALIZED_AUTOS = YES_AGGRESSIVE;
				GCC_WARN_UNUSED_FUNCTION = YES;
				GCC_WARN_UNUSED_VARIABLE = YES;
				IPHONEOS_DEPLOYMENT_TARGET = 18.2;
				LOCALIZATION_PREFERS_STRING_CATALOGS = YES;
				MTL_ENABLE_DEBUG_INFO = INCLUDE_SOURCE;
				MTL_FAST_MATH = YES;
				ONLY_ACTIVE_ARCH = YES;
				SDKROOT = iphoneos;
				SWIFT_ACTIVE_COMPILATION_CONDITIONS = "DEBUG $(inherited)";
				SWIFT_EMIT_LOC_STRINGS = YES;
				SWIFT_OPTIMIZATION_LEVEL = "-Onone";
			};
			name = Debug;
		};
		931BD55C2D4158A500B06201 /* Release */ = {
			isa = XCBuildConfiguration;
			buildSettings = {
				ALWAYS_SEARCH_USER_PATHS = NO;
				ASSETCATALOG_COMPILER_GENERATE_SWIFT_ASSET_SYMBOL_EXTENSIONS = YES;
				CLANG_ANALYZER_LOCALIZABILITY_NONLOCALIZED = YES;
				CLANG_ANALYZER_NONNULL = YES;
				CLANG_ANALYZER_NUMBER_OBJECT_CONVERSION = YES_AGGRESSIVE;
				CLANG_CXX_LANGUAGE_STANDARD = "gnu++20";
				CLANG_ENABLE_MODULES = YES;
				CLANG_ENABLE_OBJC_ARC = YES;
				CLANG_ENABLE_OBJC_WEAK = YES;
				CLANG_WARN_BLOCK_CAPTURE_AUTORELEASING = YES;
				CLANG_WARN_BOOL_CONVERSION = YES;
				CLANG_WARN_COMMA = YES;
				CLANG_WARN_CONSTANT_CONVERSION = YES;
				CLANG_WARN_DEPRECATED_OBJC_IMPLEMENTATIONS = YES;
				CLANG_WARN_DIRECT_OBJC_ISA_USAGE = YES_ERROR;
				CLANG_WARN_DOCUMENTATION_COMMENTS = YES;
				CLANG_WARN_EMPTY_BODY = YES;
				CLANG_WARN_ENUM_CONVERSION = YES;
				CLANG_WARN_INFINITE_RECURSION = YES;
				CLANG_WARN_INT_CONVERSION = YES;
				CLANG_WARN_NON_LITERAL_NULL_CONVERSION = YES;
				CLANG_WARN_OBJC_IMPLICIT_RETAIN_SELF = YES;
				CLANG_WARN_OBJC_LITERAL_CONVERSION = YES;
				CLANG_WARN_OBJC_ROOT_CLASS = YES_ERROR;
				CLANG_WARN_QUOTED_INCLUDE_IN_FRAMEWORK_HEADER = YES;
				CLANG_WARN_RANGE_LOOP_ANALYSIS = YES;
				CLANG_WARN_STRICT_PROTOTYPES = YES;
				CLANG_WARN_SUSPICIOUS_MOVE = YES;
				CLANG_WARN_UNGUARDED_AVAILABILITY = YES_AGGRESSIVE;
				CLANG_WARN_UNREACHABLE_CODE = YES;
				CLANG_WARN__DUPLICATE_METHOD_MATCH = YES;
				COPY_PHASE_STRIP = NO;
				DEBUG_INFORMATION_FORMAT = "dwarf-with-dsym";
				ENABLE_NS_ASSERTIONS = NO;
				ENABLE_STRICT_OBJC_MSGSEND = YES;
				ENABLE_USER_SCRIPT_SANDBOXING = NO;
				GCC_C_LANGUAGE_STANDARD = gnu17;
				GCC_NO_COMMON_BLOCKS = YES;
				GCC_WARN_64_TO_32_BIT_CONVERSION = YES;
				GCC_WARN_ABOUT_RETURN_TYPE = YES_ERROR;
				GCC_WARN_UNDECLARED_SELECTOR = YES;
				GCC_WARN_UNINITIALIZED_AUTOS = YES_AGGRESSIVE;
				GCC_WARN_UNUSED_FUNCTION = YES;
				GCC_WARN_UNUSED_VARIABLE = YES;
				IPHONEOS_DEPLOYMENT_TARGET = 18.2;
				LOCALIZATION_PREFERS_STRING_CATALOGS = YES;
				MTL_ENABLE_DEBUG_INFO = NO;
				MTL_FAST_MATH = YES;
				SDKROOT = iphoneos;
				SWIFT_COMPILATION_MODE = wholemodule;
				SWIFT_EMIT_LOC_STRINGS = YES;
				VALIDATE_PRODUCT = YES;
			};
			name = Release;
		};
/* End XCBuildConfiguration section */

/* Begin XCConfigurationList section */
		931BD5402D4158A300B06201 /* Build configuration list for PBXProject "Movies" */ = {
			isa = XCConfigurationList;
			buildConfigurations = (
				931BD55B2D4158A500B06201 /* Debug */,
				931BD55C2D4158A500B06201 /* Release */,
			);
			defaultConfigurationIsVisible = 0;
			defaultConfigurationName = Release;
		};
		931BD5582D4158A500B06201 /* Build configuration list for PBXNativeTarget "Movies" */ = {
			isa = XCConfigurationList;
			buildConfigurations = (
				931BD5592D4158A500B06201 /* Debug */,
				931BD55A2D4158A500B06201 /* Release */,
			);
			defaultConfigurationIsVisible = 0;
			defaultConfigurationName = Release;
		};
/* End XCConfigurationList section */
	};
	rootObject = 931BD53D2D4158A300B06201 /* Project object */;
}
